
Microsoft Visual Studio Solution File, Format Version 12.00
# Visual Studio Version 17
VisualStudioVersion = 17.9.34622.214
MinimumVisualStudioVersion = 10.0.40219.1
Project("{FAE04EC0-301F-11D3-BF4B-00C04F79EFBC}") = "WebApiLudika", "WebApiLudika.csproj", "{7FBED670-6F59-4A72-BFD9-DE48B77BB564}"
EndProject
Project("{FAE04EC0-301F-11D3-BF4B-00C04F79EFBC}") = "LogicaNegocio", "..\LogicaNegocio\LogicaNegocio.csproj", "{7C5FBAE3-C397-44A5-B52F-4C73065E62D9}"
EndProject
Global
	GlobalSection(SolutionConfigurationPlatforms) = preSolution
		Debug|Any CPU = Debug|Any CPU
		Release|Any CPU = Release|Any CPU
	EndGlobalSection
	GlobalSection(ProjectConfigurationPlatforms) = postSolution
		{7FBED670-6F59-4A72-BFD9-DE48B77BB564}.Debug|Any CPU.ActiveCfg = Debug|Any CPU
		{7FBED670-6F59-4A72-BFD9-DE48B77BB564}.Debug|Any CPU.Build.0 = Debug|Any CPU
		{7FBED670-6F59-4A72-BFD9-DE48B77BB564}.Release|Any CPU.ActiveCfg = Release|Any CPU
		{7FBED670-6F59-4A72-BFD9-DE48B77BB564}.Release|Any CPU.Build.0 = Release|Any CPU
		{7C5FBAE3-C397-44A5-B52F-4C73065E62D9}.Debug|Any CPU.ActiveCfg = Debug|Any CPU
		{7C5FBAE3-C397-44A5-B52F-4C73065E62D9}.Debug|Any CPU.Build.0 = Debug|Any CPU
		{7C5FBAE3-C397-44A5-B52F-4C73065E62D9}.Release|Any CPU.ActiveCfg = Release|Any CPU
		{7C5FBAE3-C397-44A5-B52F-4C73065E62D9}.Release|Any CPU.Build.0 = Release|Any CPU
	EndGlobalSection
	GlobalSection(SolutionProperties) = preSolution
		HideSolutionNode = FALSE
	EndGlobalSection
	GlobalSection(ExtensibilityGlobals) = postSolution
		SolutionGuid = {DB3F5537-252F-4CA8-A410-9FBC5B6BD09F}
	EndGlobalSection
EndGlobal
